{
    "requires": true,
    "lockfileVersion": 1,
    "dependencies": {
        "naija-faker": {
            "version": "1.3.7",
            "resolved": "https://registry.npmjs.org/naija-faker/-/naija-faker-1.3.7.tgz",
            "integrity": "sha512-B7SMRTD/Rd1+MPf/46rYdymjZEHE37OQz/JGvws07u+dG7HrCmZsEowzxCXbRStH041xv76T7QSn/2ZAtkKElA=="
        }
    }
}
